
Microsoft Visual Studio Solution File, Format Version 12.00
# Visual Studio Version 16
VisualStudioVersion = 16.0.30621.155
MinimumVisualStudioVersion = 10.0.40219.1
Project("{FAE04EC0-301F-11D3-BF4B-00C04F79EFBC}") = "SchoolProject", "SchoolProject.csproj", "{B0866CBF-5F26-4EFC-A0A5-90BA5752CBD6}"
EndProject
Global
	GlobalSection(SolutionConfigurationPlatforms) = preSolution
		Debug|Any CPU = Debug|Any CPU
		Release|Any CPU = Release|Any CPU
	EndGlobalSection
	GlobalSection(ProjectConfigurationPlatforms) = postSolution
		{B0866CBF-5F26-4EFC-A0A5-90BA5752CBD6}.Debug|Any CPU.ActiveCfg = Debug|Any CPU
		{B0866CBF-5F26-4EFC-A0A5-90BA5752CBD6}.Debug|Any CPU.Build.0 = Debug|Any CPU
		{B0866CBF-5F26-4EFC-A0A5-90BA5752CBD6}.Release|Any CPU.ActiveCfg = Release|Any CPU
		{B0866CBF-5F26-4EFC-A0A5-90BA5752CBD6}.Release|Any CPU.Build.0 = Release|Any CPU
	EndGlobalSection
	GlobalSection(SolutionProperties) = preSolution
		HideSolutionNode = FALSE
	EndGlobalSection
	GlobalSection(ExtensibilityGlobals) = postSolution
		SolutionGuid = {057C89F3-2FE3-4C38-A34C-09ABDE12326D}
	EndGlobalSection
EndGlobal
